
Microsoft Visual Studio Solution File, Format Version 12.00
# Visual Studio Version 17
VisualStudioVersion = 17.10.35004.147
MinimumVisualStudioVersion = 10.0.40219.1
Project("{FAE04EC0-301F-11D3-BF4B-00C04F79EFBC}") = "OutlookPhishingReporter", "OutlookPhishingReporter\OutlookPhishingReporter.csproj", "{D1AE3397-2E47-4758-85D8-29C7EBF1FE03}"
EndProject
Project("{54435603-DBB4-11D2-8724-00A0C9A8B90C}") = "OutlookPhishingReporterSetup", "OutlookPhishingReporterSetup\OutlookPhishingReporterSetup.vdproj", "{A8C18868-0681-466E-A9CC-2620387B8B70}"
EndProject
Global
	GlobalSection(SolutionConfigurationPlatforms) = preSolution
		Debug|Any CPU = Debug|Any CPU
		Debug|x86 = Debug|x86
		Release|Any CPU = Release|Any CPU
		Release|x86 = Release|x86
	EndGlobalSection
	GlobalSection(ProjectConfigurationPlatforms) = postSolution
		{D1AE3397-2E47-4758-85D8-29C7EBF1FE03}.Debug|Any CPU.ActiveCfg = Debug|Any CPU
		{D1AE3397-2E47-4758-85D8-29C7EBF1FE03}.Debug|Any CPU.Build.0 = Debug|Any CPU
		{D1AE3397-2E47-4758-85D8-29C7EBF1FE03}.Debug|x86.ActiveCfg = Debug|Any CPU
		{D1AE3397-2E47-4758-85D8-29C7EBF1FE03}.Debug|x86.Build.0 = Debug|Any CPU
		{D1AE3397-2E47-4758-85D8-29C7EBF1FE03}.Release|Any CPU.ActiveCfg = Release|Any CPU
		{D1AE3397-2E47-4758-85D8-29C7EBF1FE03}.Release|Any CPU.Build.0 = Release|Any CPU
		{D1AE3397-2E47-4758-85D8-29C7EBF1FE03}.Release|x86.ActiveCfg = Release|Any CPU
		{D1AE3397-2E47-4758-85D8-29C7EBF1FE03}.Release|x86.Build.0 = Release|Any CPU
		{A8C18868-0681-466E-A9CC-2620387B8B70}.Debug|Any CPU.ActiveCfg = Debug
		{A8C18868-0681-466E-A9CC-2620387B8B70}.Debug|x86.ActiveCfg = Debug
		{A8C18868-0681-466E-A9CC-2620387B8B70}.Release|Any CPU.ActiveCfg = Release
		{A8C18868-0681-466E-A9CC-2620387B8B70}.Release|x86.ActiveCfg = Release
	EndGlobalSection
	GlobalSection(SolutionProperties) = preSolution
		HideSolutionNode = FALSE
	EndGlobalSection
	GlobalSection(ExtensibilityGlobals) = postSolution
		SolutionGuid = {AB0261DF-BF7C-40E5-B651-37895E094575}
	EndGlobalSection
EndGlobal
